// !$*UTF8*$!
{
	archiveVersion = 1;
	classes = {
	};
	objectVersion = 46;
	objects = {

/* Begin PBXBuildFile section */
		01342FDE1C99061900200F14 /* 1.jpg in Resources */ = {isa = PBXBuildFile; fileRef = 01342FC71C99061900200F14 /* 1.jpg */; };
		01342FE91C99061900200F14 /* 2.jpg in Resources */ = {isa = PBXBuildFile; fileRef = 01342FD21C99061900200F14 /* 2.jpg */; };
		01342FEE1C99061900200F14 /* 3.jpg in Resources */ = {isa = PBXBuildFile; fileRef = 01342FD71C99061900200F14 /* 3.jpg */; };
		01342FF81C99067E00200F14 /* CollectionViewCell.m in Sources */ = {isa = PBXBuildFile; fileRef = 01342FF61C99067E00200F14 /* CollectionViewCell.m */; };
		01342FF91C99067E00200F14 /* CollectionViewCell.xib in Resources */ = {isa = PBXBuildFile; fileRef = 01342FF71C99067E00200F14 /* CollectionViewCell.xib */; };
		01979EFD1C9808BF00D02B0B /* main.m in Sources */ = {isa = PBXBuildFile; fileRef = 01979EFC1C9808BF00D02B0B /* main.m */; };
		01979F001C9808BF00D02B0B /* AppDelegate.m in Sources */ = {isa = PBXBuildFile; fileRef = 01979EFF1C9808BF00D02B0B /* AppDelegate.m */; };
		01979F031C9808BF00D02B0B /* ViewController.m in Sources */ = {isa = PBXBuildFile; fileRef = 01979F021C9808BF00D02B0B /* ViewController.m */; };
		01979F061C9808BF00D02B0B /* Main.storyboard in Resources */ = {isa = PBXBuildFile; fileRef = 01979F041C9808BF00D02B0B /* Main.storyboard */; };
		01979F081C9808BF00D02B0B /* Assets.xcassets in Resources */ = {isa = PBXBuildFile; fileRef = 01979F071C9808BF00D02B0B /* Assets.xcassets */; };
		01979F0B1C9808BF00D02B0B /* LaunchScreen.storyboard in Resources */ = {isa = PBXBuildFile; fileRef = 01979F091C9808BF00D02B0B /* LaunchScreen.storyboard */; };
		01979F141C98098600D02B0B /* AXAutoreversePlayCollectionView.m in Sources */ = {isa = PBXBuildFile; fileRef = 01979F131C98098600D02B0B /* AXAutoreversePlayCollectionView.m */; };
		2F1BBAF3AADC02C438128C3B /* libPods-AXAutoreversePlayCollectionView.a in Frameworks */ = {isa = PBXBuildFile; fileRef = 0573818DBA021098D48E5550 /* libPods-AXAutoreversePlayCollectionView.a */; };
/* End PBXBuildFile section */

/* Begin PBXFileReference section */
		01342FC71C99061900200F14 /* 1.jpg */ = {isa = PBXFileReference; lastKnownFileType = image.jpeg; path = 1.jpg; sourceTree = "<group>"; };
		01342FD21C99061900200F14 /* 2.jpg */ = {isa = PBXFileReference; lastKnownFileType = image.jpeg; path = 2.jpg; sourceTree = "<group>"; };
		01342FD71C99061900200F14 /* 3.jpg */ = {isa = PBXFileReference; lastKnownFileType = image.jpeg; path = 3.jpg; sourceTree = "<group>"; };
		01342FF51C99067E00200F14 /* CollectionViewCell.h */ = {isa = PBXFileReference; fileEncoding = 4; lastKnownFileType = sourcecode.c.h; path = CollectionViewCell.h; sourceTree = "<group>"; };
		01342FF61C99067E00200F14 /* CollectionViewCell.m */ = {isa = PBXFileReference; fileEncoding = 4; lastKnownFileType = sourcecode.c.objc; path = CollectionViewCell.m; sourceTree = "<group>"; };
		01342FF71C99067E00200F14 /* CollectionViewCell.xib */ = {isa = PBXFileReference; fileEncoding = 4; lastKnownFileType = file.xib; path = CollectionViewCell.xib; sourceTree = "<group>"; };
		01979EF81C9808BF00D02B0B /* AXAutoreversePlayCollectionView.app */ = {isa = PBXFileReference; explicitFileType = wrapper.application; includeInIndex = 0; path = AXAutoreversePlayCollectionView.app; sourceTree = BUILT_PRODUCTS_DIR; };
		01979EFC1C9808BF00D02B0B /* main.m */ = {isa = PBXFileReference; lastKnownFileType = sourcecode.c.objc; path = main.m; sourceTree = "<group>"; };
		01979EFE1C9808BF00D02B0B /* AppDelegate.h */ = {isa = PBXFileReference; lastKnownFileType = sourcecode.c.h; path = AppDelegate.h; sourceTree = "<group>"; };
		01979EFF1C9808BF00D02B0B /* AppDelegate.m */ = {isa = PBXFileReference; lastKnownFileType = sourcecode.c.objc; path = AppDelegate.m; sourceTree = "<group>"; };
		01979F011C9808BF00D02B0B /* ViewController.h */ = {isa = PBXFileReference; lastKnownFileType = sourcecode.c.h; path = ViewController.h; sourceTree = "<group>"; };
		01979F021C9808BF00D02B0B /* ViewController.m */ = {isa = PBXFileReference; lastKnownFileType = sourcecode.c.objc; path = ViewController.m; sourceTree = "<group>"; };
		01979F051C9808BF00D02B0B /* Base */ = {isa = PBXFileReference; lastKnownFileType = file.storyboard; name = Base; path = Base.lproj/Main.storyboard; sourceTree = "<group>"; };
		01979F071C9808BF00D02B0B /* Assets.xcassets */ = {isa = PBXFileReference; lastKnownFileType = folder.assetcatalog; path = Assets.xcassets; sourceTree = "<group>"; };
		01979F0A1C9808BF00D02B0B /* Base */ = {isa = PBXFileReference; lastKnownFileType = file.storyboard; name = Base; path = Base.lproj/LaunchScreen.storyboard; sourceTree = "<group>"; };
		01979F0C1C9808BF00D02B0B /* Info.plist */ = {isa = PBXFileReference; lastKnownFileType = text.plist.xml; path = Info.plist; sourceTree = "<group>"; };
		01979F121C98098600D02B0B /* AXAutoreversePlayCollectionView.h */ = {isa = PBXFileReference; fileEncoding = 4; lastKnownFileType = sourcecode.c.h; name = AXAutoreversePlayCollectionView.h; path = AXAutoreversePlayCollectionView/AXAutoreversePlayCollectionView.h; sourceTree = "<group>"; };
		01979F131C98098600D02B0B /* AXAutoreversePlayCollectionView.m */ = {isa = PBXFileReference; fileEncoding = 4; lastKnownFileType = sourcecode.c.objc; name = AXAutoreversePlayCollectionView.m; path = AXAutoreversePlayCollectionView/AXAutoreversePlayCollectionView.m; sourceTree = "<group>"; };
		0341B24C9E6FE05807F4D903 /* Pods-AXAutoreversePlayCollectionView.debug.xcconfig */ = {isa = PBXFileReference; includeInIndex = 1; lastKnownFileType = text.xcconfig; name = "Pods-AXAutoreversePlayCollectionView.debug.xcconfig"; path = "Pods/Target Support Files/Pods-AXAutoreversePlayCollectionView/Pods-AXAutoreversePlayCollectionView.debug.xcconfig"; sourceTree = "<group>"; };
		0573818DBA021098D48E5550 /* libPods-AXAutoreversePlayCollectionView.a */ = {isa = PBXFileReference; explicitFileType = archive.ar; includeInIndex = 0; path = "libPods-AXAutoreversePlayCollectionView.a"; sourceTree = BUILT_PRODUCTS_DIR; };
		340D643E6794940C24D201D8 /* Pods-AXAutoreversePlayCollectionView.release.xcconfig */ = {isa = PBXFileReference; includeInIndex = 1; lastKnownFileType = text.xcconfig; name = "Pods-AXAutoreversePlayCollectionView.release.xcconfig"; path = "Pods/Target Support Files/Pods-AXAutoreversePlayCollectionView/Pods-AXAutoreversePlayCollectionView.release.xcconfig"; sourceTree = "<group>"; };
/* End PBXFileReference section */

/* Begin PBXFrameworksBuildPhase section */
		01979EF51C9808BF00D02B0B /* Frameworks */ = {
			isa = PBXFrameworksBuildPhase;
			buildActionMask = 2147483647;
			files = (
				2F1BBAF3AADC02C438128C3B /* libPods-AXAutoreversePlayCollectionView.a in Frameworks */,
			);
			runOnlyForDeploymentPostprocessing = 0;
		};
/* End PBXFrameworksBuildPhase section */

/* Begin PBXGroup section */
		01342FC61C99061900200F14 /* 屏保 */ = {
			isa = PBXGroup;
			children = (
				01342FC71C99061900200F14 /* 1.jpg */,
				01342FD21C99061900200F14 /* 2.jpg */,
				01342FD71C99061900200F14 /* 3.jpg */,
			);
			path = "屏保";
			sourceTree = "<group>";
		};
		01979EEF1C9808BF00D02B0B = {
			isa = PBXGroup;
			children = (
				01979EFA1C9808BF00D02B0B /* AXAutoreversePlayCollectionView */,
				01979EF91C9808BF00D02B0B /* Products */,
				E747996C8C121798ED3AA9F9 /* Pods */,
				B2ACD129BFC7273A1512B53B /* Frameworks */,
			);
			sourceTree = "<group>";
		};
		01979EF91C9808BF00D02B0B /* Products */ = {
			isa = PBXGroup;
			children = (
				01979EF81C9808BF00D02B0B /* AXAutoreversePlayCollectionView.app */,
			);
			name = Products;
			sourceTree = "<group>";
		};
		01979EFA1C9808BF00D02B0B /* AXAutoreversePlayCollectionView */ = {
			isa = PBXGroup;
			children = (
				01979EFE1C9808BF00D02B0B /* AppDelegate.h */,
				01979EFF1C9808BF00D02B0B /* AppDelegate.m */,
				01979F011C9808BF00D02B0B /* ViewController.h */,
				01979F021C9808BF00D02B0B /* ViewController.m */,
				01342FF51C99067E00200F14 /* CollectionViewCell.h */,
				01342FF61C99067E00200F14 /* CollectionViewCell.m */,
				01342FF71C99067E00200F14 /* CollectionViewCell.xib */,
				01979F151C98098E00D02B0B /* AXAutoreversePlayCollectionView */,
				01979F041C9808BF00D02B0B /* Main.storyboard */,
				01979F071C9808BF00D02B0B /* Assets.xcassets */,
				01979F091C9808BF00D02B0B /* LaunchScreen.storyboard */,
				01979F0C1C9808BF00D02B0B /* Info.plist */,
				01342FC61C99061900200F14 /* 屏保 */,
				01979EFB1C9808BF00D02B0B /* Supporting Files */,
			);
			path = AXAutoreversePlayCollectionView;
			sourceTree = "<group>";
		};
		01979EFB1C9808BF00D02B0B /* Supporting Files */ = {
			isa = PBXGroup;
			children = (
				01979EFC1C9808BF00D02B0B /* main.m */,
			);
			name = "Supporting Files";
			sourceTree = "<group>";
		};
		01979F151C98098E00D02B0B /* AXAutoreversePlayCollectionView */ = {
			isa = PBXGroup;
			children = (
				01979F121C98098600D02B0B /* AXAutoreversePlayCollectionView.h */,
				01979F131C98098600D02B0B /* AXAutoreversePlayCollectionView.m */,
			);
			name = AXAutoreversePlayCollectionView;
			sourceTree = "<group>";
		};
		B2ACD129BFC7273A1512B53B /* Frameworks */ = {
			isa = PBXGroup;
			children = (
				0573818DBA021098D48E5550 /* libPods-AXAutoreversePlayCollectionView.a */,
			);
			name = Frameworks;
			sourceTree = "<group>";
		};
		E747996C8C121798ED3AA9F9 /* Pods */ = {
			isa = PBXGroup;
			children = (
				0341B24C9E6FE05807F4D903 /* Pods-AXAutoreversePlayCollectionView.debug.xcconfig */,
				340D643E6794940C24D201D8 /* Pods-AXAutoreversePlayCollectionView.release.xcconfig */,
			);
			name = Pods;
			sourceTree = "<group>";
		};
/* End PBXGroup section */

/* Begin PBXNativeTarget section */
		01979EF71C9808BF00D02B0B /* AXAutoreversePlayCollectionView */ = {
			isa = PBXNativeTarget;
			buildConfigurationList = 01979F0F1C9808BF00D02B0B /* Build configuration list for PBXNativeTarget "AXAutoreversePlayCollectionView" */;
			buildPhases = (
				7A3B16388B6763CE26ED64B5 /* Check Pods Manifest.lock */,
				01979EF41C9808BF00D02B0B /* Sources */,
				01979EF51C9808BF00D02B0B /* Frameworks */,
				01979EF61C9808BF00D02B0B /* Resources */,
				66A50E162FFE15E4AA02C2D1 /* Embed Pods Frameworks */,
				3C7DA5B0CCD16858D46FFAF3 /* Copy Pods Resources */,
			);
			buildRules = (
			);
			dependencies = (
			);
			name = AXAutoreversePlayCollectionView;
			productName = AXAutoreversePlayCollectionView;
			productReference = 01979EF81C9808BF00D02B0B /* AXAutoreversePlayCollectionView.app */;
			productType = "com.apple.product-type.application";
		};
/* End PBXNativeTarget section */

/* Begin PBXProject section */
		01979EF01C9808BF00D02B0B /* Project object */ = {
			isa = PBXProject;
			attributes = {
				LastUpgradeCheck = 0720;
				ORGANIZATIONNAME = devedbox;
				TargetAttributes = {
					01979EF71C9808BF00D02B0B = {
						CreatedOnToolsVersion = 7.2.1;
					};
				};
			};
			buildConfigurationList = 01979EF31C9808BF00D02B0B /* Build configuration list for PBXProject "AXAutoreversePlayCollectionView" */;
			compatibilityVersion = "Xcode 3.2";
			developmentRegion = English;
			hasScannedForEncodings = 0;
			knownRegions = (
				en,
				Base,
			);
			mainGroup = 01979EEF1C9808BF00D02B0B;
			productRefGroup = 01979EF91C9808BF00D02B0B /* Products */;
			projectDirPath = "";
			projectRoot = "";
			targets = (
				01979EF71C9808BF00D02B0B /* AXAutoreversePlayCollectionView */,
			);
		};
/* End PBXProject section */

/* Begin PBXResourcesBuildPhase section */
		01979EF61C9808BF00D02B0B /* Resources */ = {
			isa = PBXResourcesBuildPhase;
			buildActionMask = 2147483647;
			files = (
				01979F0B1C9808BF00D02B0B /* LaunchScreen.storyboard in Resources */,
				01342FDE1C99061900200F14 /* 1.jpg in Resources */,
				01342FEE1C99061900200F14 /* 3.jpg in Resources */,
				01342FE91C99061900200F14 /* 2.jpg in Resources */,
				01979F081C9808BF00D02B0B /* Assets.xcassets in Resources */,
				01979F061C9808BF00D02B0B /* Main.storyboard in Resources */,
				01342FF91C99067E00200F14 /* CollectionViewCell.xib in Resources */,
			);
			runOnlyForDeploymentPostprocessing = 0;
		};
/* End PBXResourcesBuildPhase section */

/* Begin PBXShellScriptBuildPhase section */
		3C7DA5B0CCD16858D46FFAF3 /* Copy Pods Resources */ = {
			isa = PBXShellScriptBuildPhase;
			buildActionMask = 2147483647;
			files = (
			);
			inputPaths = (
			);
			name = "Copy Pods Resources";
			outputPaths = (
			);
			runOnlyForDeploymentPostprocessing = 0;
			shellPath = /bin/sh;
			shellScript = "\"${SRCROOT}/Pods/Target Support Files/Pods-AXAutoreversePlayCollectionView/Pods-AXAutoreversePlayCollectionView-resources.sh\"\n";
			showEnvVarsInLog = 0;
		};
		66A50E162FFE15E4AA02C2D1 /* Embed Pods Frameworks */ = {
			isa = PBXShellScriptBuildPhase;
			buildActionMask = 2147483647;
			files = (
			);
			inputPaths = (
			);
			name = "Embed Pods Frameworks";
			outputPaths = (
			);
			runOnlyForDeploymentPostprocessing = 0;
			shellPath = /bin/sh;
			shellScript = "\"${SRCROOT}/Pods/Target Support Files/Pods-AXAutoreversePlayCollectionView/Pods-AXAutoreversePlayCollectionView-frameworks.sh\"\n";
			showEnvVarsInLog = 0;
		};
		7A3B16388B6763CE26ED64B5 /* Check Pods Manifest.lock */ = {
			isa = PBXShellScriptBuildPhase;
			buildActionMask = 2147483647;
			files = (
			);
			inputPaths = (
			);
			name = "Check Pods Manifest.lock";
			outputPaths = (
			);
			runOnlyForDeploymentPostprocessing = 0;
			shellPath = /bin/sh;
			shellScript = "diff \"${PODS_ROOT}/../Podfile.lock\" \"${PODS_ROOT}/Manifest.lock\" > /dev/null\nif [[ $? != 0 ]] ; then\n    cat << EOM\nerror: The sandbox is not in sync with the Podfile.lock. Run 'pod install' or update your CocoaPods installation.\nEOM\n    exit 1\nfi\n";
			showEnvVarsInLog = 0;
		};
/* End PBXShellScriptBuildPhase section */

/* Begin PBXSourcesBuildPhase section */
		01979EF41C9808BF00D02B0B /* Sources */ = {
			isa = PBXSourcesBuildPhase;
			buildActionMask = 2147483647;
			files = (
				01979F031C9808BF00D02B0B /* ViewController.m in Sources */,
				01342FF81C99067E00200F14 /* CollectionViewCell.m in Sources */,
				01979F141C98098600D02B0B /* AXAutoreversePlayCollectionView.m in Sources */,
				01979F001C9808BF00D02B0B /* AppDelegate.m in Sources */,
				01979EFD1C9808BF00D02B0B /* main.m in Sources */,
			);
			runOnlyForDeploymentPostprocessing = 0;
		};
/* End PBXSourcesBuildPhase section */

/* Begin PBXVariantGroup section */
		01979F041C9808BF00D02B0B /* Main.storyboard */ = {
			isa = PBXVariantGroup;
			children = (
				01979F051C9808BF00D02B0B /* Base */,
			);
			name = Main.storyboard;
			sourceTree = "<group>";
		};
		01979F091C9808BF00D02B0B /* LaunchScreen.storyboard */ = {
			isa = PBXVariantGroup;
			children = (
				01979F0A1C9808BF00D02B0B /* Base */,
			);
			name = LaunchScreen.storyboard;
			sourceTree = "<group>";
		};
/* End PBXVariantGroup section */

/* Begin XCBuildConfiguration section */
		01979F0D1C9808BF00D02B0B /* Debug */ = {
			isa = XCBuildConfiguration;
			buildSettings = {
				ALWAYS_SEARCH_USER_PATHS = NO;
				CLANG_CXX_LANGUAGE_STANDARD = "gnu++0x";
				CLANG_CXX_LIBRARY = "libc++";
				CLANG_ENABLE_MODULES = YES;
				CLANG_ENABLE_OBJC_ARC = YES;
				CLANG_WARN_BOOL_CONVERSION = YES;
				CLANG_WARN_CONSTANT_CONVERSION = YES;
				CLANG_WARN_DIRECT_OBJC_ISA_USAGE = YES_ERROR;
				CLANG_WARN_EMPTY_BODY = YES;
				CLANG_WARN_ENUM_CONVERSION = YES;
				CLANG_WARN_INT_CONVERSION = YES;
				CLANG_WARN_OBJC_ROOT_CLASS = YES_ERROR;
				CLANG_WARN_UNREACHABLE_CODE = YES;
				CLANG_WARN__DUPLICATE_METHOD_MATCH = YES;
				"CODE_SIGN_IDENTITY[sdk=iphoneos*]" = "iPhone Developer";
				COPY_PHASE_STRIP = NO;
				DEBUG_INFORMATION_FORMAT = dwarf;
				ENABLE_STRICT_OBJC_MSGSEND = YES;
				ENABLE_TESTABILITY = YES;
				GCC_C_LANGUAGE_STANDARD = gnu99;
				GCC_DYNAMIC_NO_PIC = NO;
				GCC_NO_COMMON_BLOCKS = YES;
				GCC_OPTIMIZATION_LEVEL = 0;
				GCC_PREPROCESSOR_DEFINITIONS = (
					"DEBUG=1",
					"$(inherited)",
				);
				GCC_WARN_64_TO_32_BIT_CONVERSION = YES;
				GCC_WARN_ABOUT_RETURN_TYPE = YES_ERROR;
				GCC_WARN_UNDECLARED_SELECTOR = YES;
				GCC_WARN_UNINITIALIZED_AUTOS = YES_AGGRESSIVE;
				GCC_WARN_UNUSED_FUNCTION = YES;
				GCC_WARN_UNUSED_VARIABLE = YES;
				IPHONEOS_DEPLOYMENT_TARGET = 9.2;
				MTL_ENABLE_DEBUG_INFO = YES;
				ONLY_ACTIVE_ARCH = YES;
				SDKROOT = iphoneos;
			};
			name = Debug;
		};
		01979F0E1C9808BF00D02B0B /* Release */ = {
			isa = XCBuildConfiguration;
			buildSettings = {
				ALWAYS_SEARCH_USER_PATHS = NO;
				CLANG_CXX_LANGUAGE_STANDARD = "gnu++0x";
				CLANG_CXX_LIBRARY = "libc++";
				CLANG_ENABLE_MODULES = YES;
				CLANG_ENABLE_OBJC_ARC = YES;
				CLANG_WARN_BOOL_CONVERSION = YES;
				CLANG_WARN_CONSTANT_CONVERSION = YES;
				CLANG_WARN_DIRECT_OBJC_ISA_USAGE = YES_ERROR;
				CLANG_WARN_EMPTY_BODY = YES;
				CLANG_WARN_ENUM_CONVERSION = YES;
				CLANG_WARN_INT_CONVERSION = YES;
				CLANG_WARN_OBJC_ROOT_CLASS = YES_ERROR;
				CLANG_WARN_UNREACHABLE_CODE = YES;
				CLANG_WARN__DUPLICATE_METHOD_MATCH = YES;
				"CODE_SIGN_IDENTITY[sdk=iphoneos*]" = "iPhone Developer";
				COPY_PHASE_STRIP = NO;
				DEBUG_INFORMATION_FORMAT = "dwarf-with-dsym";
				ENABLE_NS_ASSERTIONS = NO;
				ENABLE_STRICT_OBJC_MSGSEND = YES;
				GCC_C_LANGUAGE_STANDARD = gnu99;
				GCC_NO_COMMON_BLOCKS = YES;
				GCC_WARN_64_TO_32_BIT_CONVERSION = YES;
				GCC_WARN_ABOUT_RETURN_TYPE = YES_ERROR;
				GCC_WARN_UNDECLARED_SELECTOR = YES;
				GCC_WARN_UNINITIALIZED_AUTOS = YES_AGGRESSIVE;
				GCC_WARN_UNUSED_FUNCTION = YES;
				GCC_WARN_UNUSED_VARIABLE = YES;
				IPHONEOS_DEPLOYMENT_TARGET = 9.2;
				MTL_ENABLE_DEBUG_INFO = NO;
				SDKROOT = iphoneos;
				VALIDATE_PRODUCT = YES;
			};
			name = Release;
		};
		01979F101C9808BF00D02B0B /* Debug */ = {
			isa = XCBuildConfiguration;
			baseConfigurationReference = 0341B24C9E6FE05807F4D903 /* Pods-AXAutoreversePlayCollectionView.debug.xcconfig */;
			buildSettings = {
				ASSETCATALOG_COMPILER_APPICON_NAME = AppIcon;
				INFOPLIST_FILE = AXAutoreversePlayCollectionView/Info.plist;
				LD_RUNPATH_SEARCH_PATHS = "$(inherited) @executable_path/Frameworks";
				PRODUCT_BUNDLE_IDENTIFIER = devedbox.AXAutoreversePlayCollectionView;
				PRODUCT_NAME = "$(TARGET_NAME)";
			};
			name = Debug;
		};
		01979F111C9808BF00D02B0B /* Release */ = {
			isa = XCBuildConfiguration;
			baseConfigurationReference = 340D643E6794940C24D201D8 /* Pods-AXAutoreversePlayCollectionView.release.xcconfig */;
			buildSettings = {
				ASSETCATALOG_COMPILER_APPICON_NAME = AppIcon;
				INFOPLIST_FILE = AXAutoreversePlayCollectionView/Info.plist;
				LD_RUNPATH_SEARCH_PATHS = "$(inherited) @executable_path/Frameworks";
				PRODUCT_BUNDLE_IDENTIFIER = devedbox.AXAutoreversePlayCollectionView;
				PRODUCT_NAME = "$(TARGET_NAME)";
			};
			name = Release;
		};
/* End XCBuildConfiguration section */

/* Begin XCConfigurationList section */
		01979EF31C9808BF00D02B0B /* Build configuration list for PBXProject "AXAutoreversePlayCollectionView" */ = {
			isa = XCConfigurationList;
			buildConfigurations = (
				01979F0D1C9808BF00D02B0B /* Debug */,
				01979F0E1C9808BF00D02B0B /* Release */,
			);
			defaultConfigurationIsVisible = 0;
			defaultConfigurationName = Release;
		};
		01979F0F1C9808BF00D02B0B /* Build configuration list for PBXNativeTarget "AXAutoreversePlayCollectionView" */ = {
			isa = XCConfigurationList;
			buildConfigurations = (
				01979F101C9808BF00D02B0B /* Debug */,
				01979F111C9808BF00D02B0B /* Release */,
			);
			defaultConfigurationIsVisible = 0;
			defaultConfigurationName = Release;
		};
/* End XCConfigurationList section */
	};
	rootObject = 01979EF01C9808BF00D02B0B /* Project object */;
}
